{
  "object": {
    "pins": [
      {
        "package": "MaxPNG",
        "repositoryURL": "https://github.com/kelvin13/maxpng",
        "state": {
          "branch": "master",
          "revision": "4ec89b13c623e2c494436d76370e865c71f0dd23",
          "version": null
        }
      },
      {
        "package": "Noise",
        "repositoryURL": "https://github.com/kelvin13/noise",
        "state": {
          "branch": "master",
          "revision": "c98de737fa0bdfcf764c8b2bb9be148ae9e1c07c",
          "version": null
        }
      },
      {
        "package": "OpenGL",
        "repositoryURL": "https://github.com/kelvin13/swift-opengl",
        "state": {
          "branch": "master",
          "revision": "9a0faa406d434a5a922c105bbdc19b9e35123c1d",
          "version": null
        }
      },
      {
        "package": "XML",
        "repositoryURL": "https://github.com/kelvin13/swiftxml",
        "state": {
          "branch": "master",
          "revision": "1d93010dc3d90af9d4daaad82124a9b81fede9c3",
          "version": null
        }
      }
    ]
  },
  "version": 1
}
