{
  "object": {
    "pins": [
      {
        "package": "MaxPNG",
        "repositoryURL": "https://github.com/kelvin13/maxpng",
        "state": {
          "branch": "master",
          "revision": "3aeaa23a3cf80c303fcd87d0d67d7f2b681df3ce",
          "version": null
        }
      },
      {
        "package": "Noise",
        "repositoryURL": "https://github.com/kelvin13/noise",
        "state": {
          "branch": "master",
          "revision": "0309d3f027d92d5e8fbbf43604fea14a8dd931c0",
          "version": null
        }
      },
      {
        "package": "OpenGL",
        "repositoryURL": "https://github.com/kelvin13/swift-opengl",
        "state": {
          "branch": "master",
          "revision": "dd369b7cf5da2d8fd22c78ec4baab16b09d8668a",
          "version": null
        }
      },
      {
        "package": "XML",
        "repositoryURL": "https://github.com/kelvin13/swiftxml",
        "state": {
          "branch": "master",
          "revision": "6bce6e284e059d8763c526507fc4eac91021fad1",
          "version": null
        }
      }
    ]
  },
  "version": 1
}
